// !$*UTF8*$!
{
	archiveVersion = 1;
	classes = {
	};
	objectVersion = 46;
	objects = {

/* Begin PBXBuildFile section */
		3107931E18539687001C19C6 /* MHFacebookImageViewer.m in Sources */ = {isa = PBXBuildFile; fileRef = 3107931D18539687001C19C6 /* MHFacebookImageViewer.m */; };
		311F6B0917C97060003A5A0E /* ImageIO.framework in Frameworks */ = {isa = PBXBuildFile; fileRef = 311F6B0817C97060003A5A0E /* ImageIO.framework */; };
		31215DCC17C8EAC800B0F878 /* UIKit.framework in Frameworks */ = {isa = PBXBuildFile; fileRef = 31215DCB17C8EAC800B0F878 /* UIKit.framework */; };
		31215DCE17C8EAC800B0F878 /* Foundation.framework in Frameworks */ = {isa = PBXBuildFile; fileRef = 31215DCD17C8EAC800B0F878 /* Foundation.framework */; };
		31215DD017C8EAC800B0F878 /* CoreGraphics.framework in Frameworks */ = {isa = PBXBuildFile; fileRef = 31215DCF17C8EAC800B0F878 /* CoreGraphics.framework */; };
		31215DD617C8EAC800B0F878 /* InfoPlist.strings in Resources */ = {isa = PBXBuildFile; fileRef = 31215DD417C8EAC800B0F878 /* InfoPlist.strings */; };
		31215DD817C8EAC800B0F878 /* main.m in Sources */ = {isa = PBXBuildFile; fileRef = 31215DD717C8EAC800B0F878 /* main.m */; };
		31215DDC17C8EAC800B0F878 /* AppDelegate.m in Sources */ = {isa = PBXBuildFile; fileRef = 31215DDB17C8EAC800B0F878 /* AppDelegate.m */; };
		31215DDE17C8EAC800B0F878 /* Default.png in Resources */ = {isa = PBXBuildFile; fileRef = 31215DDD17C8EAC800B0F878 /* Default.png */; };
		31215DE017C8EAC800B0F878 /* Default@2x.png in Resources */ = {isa = PBXBuildFile; fileRef = 31215DDF17C8EAC800B0F878 /* Default@2x.png */; };
		31215DE217C8EAC800B0F878 /* Default-568h@2x.png in Resources */ = {isa = PBXBuildFile; fileRef = 31215DE117C8EAC800B0F878 /* Default-568h@2x.png */; };
		31215E0A17C90D5F00B0F878 /* RRStore.m in Sources */ = {isa = PBXBuildFile; fileRef = 31215E0917C90D5F00B0F878 /* RRStore.m */; };
		31215E1317C91C6600B0F878 /* RRReditEntry.m in Sources */ = {isa = PBXBuildFile; fileRef = 31215E1217C91C6600B0F878 /* RRReditEntry.m */; };
		31215E1B17C9218800B0F878 /* RRReditEntryCellView.m in Sources */ = {isa = PBXBuildFile; fileRef = 31215E1A17C9218800B0F878 /* RRReditEntryCellView.m */; };
		31215E1F17C9422B00B0F878 /* JSONParser.m in Sources */ = {isa = PBXBuildFile; fileRef = 31215E1E17C9422B00B0F878 /* JSONParser.m */; };
		312DFAF317CB075700B7D9A2 /* icon.png in Resources */ = {isa = PBXBuildFile; fileRef = 312DFAF217CB075700B7D9A2 /* icon.png */; };
		312DFAF517CB075C00B7D9A2 /* icon@2x.png in Resources */ = {isa = PBXBuildFile; fileRef = 312DFAF417CB075B00B7D9A2 /* icon@2x.png */; };
		313874AD1866517A009B3355 /* JASidePanelController.m in Sources */ = {isa = PBXBuildFile; fileRef = 313874AB1866517A009B3355 /* JASidePanelController.m */; };
		313874AE1866517A009B3355 /* UIViewController+JASidePanel.m in Sources */ = {isa = PBXBuildFile; fileRef = 313874AC1866517A009B3355 /* UIViewController+JASidePanel.m */; };
		313874B1186651BC009B3355 /* RRSidePanelController.m in Sources */ = {isa = PBXBuildFile; fileRef = 313874B0186651BC009B3355 /* RRSidePanelController.m */; };
		313874B5186653DA009B3355 /* RRSubRedditViewController.m in Sources */ = {isa = PBXBuildFile; fileRef = 313874B4186653DA009B3355 /* RRSubRedditViewController.m */; };
		313874B61866549D009B3355 /* QuartzCore.framework in Frameworks */ = {isa = PBXBuildFile; fileRef = 3146685B17CA6A9E007D721F /* QuartzCore.framework */; };
		3146686017CA8FA5007D721F /* RRTableViewController.m in Sources */ = {isa = PBXBuildFile; fileRef = 3146685E17CA8FA5007D721F /* RRTableViewController.m */; };
		3146686517CAC2FE007D721F /* NSDate+FormattingUtils.m in Sources */ = {isa = PBXBuildFile; fileRef = 3146686417CAC2FE007D721F /* NSDate+FormattingUtils.m */; };
		3146686A17CAC54C007D721F /* Localizable.strings in Resources */ = {isa = PBXBuildFile; fileRef = 3146686D17CAC54C007D721F /* Localizable.strings */; };
		3173C8C017CC4C7F001734CF /* AFHTTPClient.m in Sources */ = {isa = PBXBuildFile; fileRef = 3173C8AE17CC4C7F001734CF /* AFHTTPClient.m */; };
		3173C8C217CC4C7F001734CF /* AFHTTPRequestOperation.m in Sources */ = {isa = PBXBuildFile; fileRef = 3173C8B017CC4C7F001734CF /* AFHTTPRequestOperation.m */; };
		3173C8C417CC4C7F001734CF /* AFImageRequestOperation.m in Sources */ = {isa = PBXBuildFile; fileRef = 3173C8B217CC4C7F001734CF /* AFImageRequestOperation.m */; };
		3173C8C617CC4C7F001734CF /* AFJSONRequestOperation.m in Sources */ = {isa = PBXBuildFile; fileRef = 3173C8B417CC4C7F001734CF /* AFJSONRequestOperation.m */; };
		3173C8C817CC4C7F001734CF /* AFNetworkActivityIndicatorManager.m in Sources */ = {isa = PBXBuildFile; fileRef = 3173C8B617CC4C7F001734CF /* AFNetworkActivityIndicatorManager.m */; };
		3173C8CA17CC4C7F001734CF /* AFPropertyListRequestOperation.m in Sources */ = {isa = PBXBuildFile; fileRef = 3173C8B917CC4C7F001734CF /* AFPropertyListRequestOperation.m */; };
		3173C8CC17CC4C7F001734CF /* AFURLConnectionOperation.m in Sources */ = {isa = PBXBuildFile; fileRef = 3173C8BB17CC4C7F001734CF /* AFURLConnectionOperation.m */; };
		3173C8CE17CC4C7F001734CF /* AFXMLRequestOperation.m in Sources */ = {isa = PBXBuildFile; fileRef = 3173C8BD17CC4C7F001734CF /* AFXMLRequestOperation.m */; };
		3173C8D017CC4C7F001734CF /* UIImageView+AFNetworking.m in Sources */ = {isa = PBXBuildFile; fileRef = 3173C8BF17CC4C7F001734CF /* UIImageView+AFNetworking.m */; };
		3173C8D317CC4CF0001734CF /* MobileCoreServices.framework in Frameworks */ = {isa = PBXBuildFile; fileRef = 3173C8D217CC4CF0001734CF /* MobileCoreServices.framework */; };
		3173C8D517CC4D04001734CF /* SystemConfiguration.framework in Frameworks */ = {isa = PBXBuildFile; fileRef = 3173C8D417CC4D04001734CF /* SystemConfiguration.framework */; };
		3173C8D717CC4D0A001734CF /* Security.framework in Frameworks */ = {isa = PBXBuildFile; fileRef = 3173C8D617CC4D0A001734CF /* Security.framework */; };
		3173C8DB17CC5542001734CF /* RRHTTPClient.m in Sources */ = {isa = PBXBuildFile; fileRef = 3173C8DA17CC5542001734CF /* RRHTTPClient.m */; };
		3173C8DF17CC6506001734CF /* speechbubbles.png in Resources */ = {isa = PBXBuildFile; fileRef = 3173C8DD17CC6506001734CF /* speechbubbles.png */; };
		3173C8E017CC6506001734CF /* speechbubbles@2x.png in Resources */ = {isa = PBXBuildFile; fileRef = 3173C8DE17CC6506001734CF /* speechbubbles@2x.png */; };
		3173C8E317CC654D001734CF /* timer.png in Resources */ = {isa = PBXBuildFile; fileRef = 3173C8E117CC654D001734CF /* timer.png */; };
		3173C8E417CC654D001734CF /* timer@2x.png in Resources */ = {isa = PBXBuildFile; fileRef = 3173C8E217CC654D001734CF /* timer@2x.png */; };
		31BB8FDB17C974C600F86D87 /* MapKit.framework in Frameworks */ = {isa = PBXBuildFile; fileRef = 31BB8FDA17C974C600F86D87 /* MapKit.framework */; };
		31BB8FDF17C9763400F86D87 /* placeholder.jpg in Resources */ = {isa = PBXBuildFile; fileRef = 31BB8FDE17C9763400F86D87 /* placeholder.jpg */; };
		31C69908187E58B4004BFDF5 /* EXPhotoViewer.m in Sources */ = {isa = PBXBuildFile; fileRef = 31C69906187E58B4004BFDF5 /* EXPhotoViewer.m */; };
		31C69909187E58B4004BFDF5 /* EXPhotoViewer.xib in Resources */ = {isa = PBXBuildFile; fileRef = 31C69907187E58B4004BFDF5 /* EXPhotoViewer.xib */; };
		31C6990E187E6018004BFDF5 /* UIView+EasyFrame.m in Sources */ = {isa = PBXBuildFile; fileRef = 31C6990D187E6018004BFDF5 /* UIView+EasyFrame.m */; };
		31C6992C18841739004BFDF5 /* MKAnnotationView+WebCache.m in Sources */ = {isa = PBXBuildFile; fileRef = 31C6991218841739004BFDF5 /* MKAnnotationView+WebCache.m */; };
		31C6992D18841739004BFDF5 /* SDImageCache.m in Sources */ = {isa = PBXBuildFile; fileRef = 31C6991418841739004BFDF5 /* SDImageCache.m */; };
		31C6992E18841739004BFDF5 /* SDWebImageCompat.m in Sources */ = {isa = PBXBuildFile; fileRef = 31C6991618841739004BFDF5 /* SDWebImageCompat.m */; };
		31C6992F18841739004BFDF5 /* SDWebImageDecoder.m in Sources */ = {isa = PBXBuildFile; fileRef = 31C6991818841739004BFDF5 /* SDWebImageDecoder.m */; };
		31C6993018841739004BFDF5 /* SDWebImageDownloader.m in Sources */ = {isa = PBXBuildFile; fileRef = 31C6991A18841739004BFDF5 /* SDWebImageDownloader.m */; };
		31C6993118841739004BFDF5 /* SDWebImageDownloaderOperation.m in Sources */ = {isa = PBXBuildFile; fileRef = 31C6991C18841739004BFDF5 /* SDWebImageDownloaderOperation.m */; };
		31C6993218841739004BFDF5 /* SDWebImageManager.m in Sources */ = {isa = PBXBuildFile; fileRef = 31C6991E18841739004BFDF5 /* SDWebImageManager.m */; };
		31C6993318841739004BFDF5 /* SDWebImagePrefetcher.m in Sources */ = {isa = PBXBuildFile; fileRef = 31C6992118841739004BFDF5 /* SDWebImagePrefetcher.m */; };
		31C6993418841739004BFDF5 /* UIButton+WebCache.m in Sources */ = {isa = PBXBuildFile; fileRef = 31C6992318841739004BFDF5 /* UIButton+WebCache.m */; };
		31C6993518841739004BFDF5 /* UIImage+GIF.m in Sources */ = {isa = PBXBuildFile; fileRef = 31C6992518841739004BFDF5 /* UIImage+GIF.m */; };
		31C6993618841739004BFDF5 /* UIImage+MultiFormat.m in Sources */ = {isa = PBXBuildFile; fileRef = 31C6992718841739004BFDF5 /* UIImage+MultiFormat.m */; };
		31C6993718841739004BFDF5 /* UIImage+WebP.m in Sources */ = {isa = PBXBuildFile; fileRef = 31C6992918841739004BFDF5 /* UIImage+WebP.m */; };
		31C6993818841739004BFDF5 /* UIImageView+WebCache.m in Sources */ = {isa = PBXBuildFile; fileRef = 31C6992B18841739004BFDF5 /* UIImageView+WebCache.m */; };
		31C6993B18841806004BFDF5 /* NSData+ImageContentType.m in Sources */ = {isa = PBXBuildFile; fileRef = 31C6993A18841806004BFDF5 /* NSData+ImageContentType.m */; };
		31CF0229186944D20053AEC6 /* RRSubReddit.m in Sources */ = {isa = PBXBuildFile; fileRef = 31CF0228186944D20053AEC6 /* RRSubReddit.m */; };
		31D214991878BD1E007E2738 /* RRSearchResultsViewController.m in Sources */ = {isa = PBXBuildFile; fileRef = 31D214981878BD1E007E2738 /* RRSearchResultsViewController.m */; };
		31EF871B186F74CF00649EB5 /* RRSearchController.m in Sources */ = {isa = PBXBuildFile; fileRef = 31EF871A186F74CF00649EB5 /* RRSearchController.m */; };
		31F9DD3A181DD8D80046090A /* RReditCommentsCellView.m in Sources */ = {isa = PBXBuildFile; fileRef = 31F9DD39181DD8D80046090A /* RReditCommentsCellView.m */; };
		31FBDFDF1813637E005BC356 /* Storyboard.storyboard in Resources */ = {isa = PBXBuildFile; fileRef = 31FBDFDE1813637E005BC356 /* Storyboard.storyboard */; };
		31FBDFE418139B6B005BC356 /* RedditPostDetailViewController.m in Sources */ = {isa = PBXBuildFile; fileRef = 31FBDFE318139B6B005BC356 /* RedditPostDetailViewController.m */; };
		31FBDFE71814751C005BC356 /* RRReditComment.m in Sources */ = {isa = PBXBuildFile; fileRef = 31FBDFE61814751C005BC356 /* RRReditComment.m */; };
/* End PBXBuildFile section */

/* Begin PBXFileReference section */
		3107931C18539687001C19C6 /* MHFacebookImageViewer.h */ = {isa = PBXFileReference; fileEncoding = 4; lastKnownFileType = sourcecode.c.h; path = MHFacebookImageViewer.h; sourceTree = "<group>"; };
		3107931D18539687001C19C6 /* MHFacebookImageViewer.m */ = {isa = PBXFileReference; fileEncoding = 4; lastKnownFileType = sourcecode.c.objc; path = MHFacebookImageViewer.m; sourceTree = "<group>"; };
		311F6B0817C97060003A5A0E /* ImageIO.framework */ = {isa = PBXFileReference; lastKnownFileType = wrapper.framework; name = ImageIO.framework; path = System/Library/Frameworks/ImageIO.framework; sourceTree = SDKROOT; };
		31215DC817C8EAC800B0F878 /* RedditReader.app */ = {isa = PBXFileReference; explicitFileType = wrapper.application; includeInIndex = 0; path = RedditReader.app; sourceTree = BUILT_PRODUCTS_DIR; };
		31215DCB17C8EAC800B0F878 /* UIKit.framework */ = {isa = PBXFileReference; lastKnownFileType = wrapper.framework; name = UIKit.framework; path = System/Library/Frameworks/UIKit.framework; sourceTree = SDKROOT; };
		31215DCD17C8EAC800B0F878 /* Foundation.framework */ = {isa = PBXFileReference; lastKnownFileType = wrapper.framework; name = Foundation.framework; path = System/Library/Frameworks/Foundation.framework; sourceTree = SDKROOT; };
		31215DCF17C8EAC800B0F878 /* CoreGraphics.framework */ = {isa = PBXFileReference; lastKnownFileType = wrapper.framework; name = CoreGraphics.framework; path = System/Library/Frameworks/CoreGraphics.framework; sourceTree = SDKROOT; };
		31215DD317C8EAC800B0F878 /* RedditReader-Info.plist */ = {isa = PBXFileReference; lastKnownFileType = text.plist.xml; path = "RedditReader-Info.plist"; sourceTree = "<group>"; };
		31215DD517C8EAC800B0F878 /* en */ = {isa = PBXFileReference; lastKnownFileType = text.plist.strings; name = en; path = en.lproj/InfoPlist.strings; sourceTree = "<group>"; };
		31215DD717C8EAC800B0F878 /* main.m */ = {isa = PBXFileReference; lastKnownFileType = sourcecode.c.objc; path = main.m; sourceTree = "<group>"; };
		31215DD917C8EAC800B0F878 /* RedditReader-Prefix.pch */ = {isa = PBXFileReference; lastKnownFileType = sourcecode.c.h; path = "RedditReader-Prefix.pch"; sourceTree = "<group>"; };
		31215DDA17C8EAC800B0F878 /* AppDelegate.h */ = {isa = PBXFileReference; lastKnownFileType = sourcecode.c.h; path = AppDelegate.h; sourceTree = "<group>"; };
		31215DDB17C8EAC800B0F878 /* AppDelegate.m */ = {isa = PBXFileReference; lastKnownFileType = sourcecode.c.objc; path = AppDelegate.m; sourceTree = "<group>"; };
		31215DDD17C8EAC800B0F878 /* Default.png */ = {isa = PBXFileReference; lastKnownFileType = image.png; path = Default.png; sourceTree = "<group>"; };
		31215DDF17C8EAC800B0F878 /* Default@2x.png */ = {isa = PBXFileReference; lastKnownFileType = image.png; path = "Default@2x.png"; sourceTree = "<group>"; };
		31215DE117C8EAC800B0F878 /* Default-568h@2x.png */ = {isa = PBXFileReference; lastKnownFileType = image.png; path = "Default-568h@2x.png"; sourceTree = "<group>"; };
		31215DEF17C8EAC900B0F878 /* SenTestingKit.framework */ = {isa = PBXFileReference; lastKnownFileType = wrapper.framework; name = SenTestingKit.framework; path = Library/Frameworks/SenTestingKit.framework; sourceTree = DEVELOPER_DIR; };
		31215E0717C8F73E00B0F878 /* Constants.h */ = {isa = PBXFileReference; fileEncoding = 4; lastKnownFileType = sourcecode.c.h; path = Constants.h; sourceTree = "<group>"; };
		31215E0817C90D5F00B0F878 /* RRStore.h */ = {isa = PBXFileReference; fileEncoding = 4; lastKnownFileType = sourcecode.c.h; name = RRStore.h; path = Classes/RRStore.h; sourceTree = "<group>"; };
		31215E0917C90D5F00B0F878 /* RRStore.m */ = {isa = PBXFileReference; fileEncoding = 4; lastKnownFileType = sourcecode.c.objc; name = RRStore.m; path = Classes/RRStore.m; sourceTree = "<group>"; };
		31215E1117C91C6600B0F878 /* RRReditEntry.h */ = {isa = PBXFileReference; fileEncoding = 4; lastKnownFileType = sourcecode.c.h; name = RRReditEntry.h; path = Classes/RRReditEntry.h; sourceTree = "<group>"; };
		31215E1217C91C6600B0F878 /* RRReditEntry.m */ = {isa = PBXFileReference; fileEncoding = 4; lastKnownFileType = sourcecode.c.objc; name = RRReditEntry.m; path = Classes/RRReditEntry.m; sourceTree = "<group>"; };
		31215E1917C9218800B0F878 /* RRReditEntryCellView.h */ = {isa = PBXFileReference; fileEncoding = 4; lastKnownFileType = sourcecode.c.h; path = RRReditEntryCellView.h; sourceTree = "<group>"; };
		31215E1A17C9218800B0F878 /* RRReditEntryCellView.m */ = {isa = PBXFileReference; fileEncoding = 4; lastKnownFileType = sourcecode.c.objc; path = RRReditEntryCellView.m; sourceTree = "<group>"; };
		31215E1D17C9422B00B0F878 /* JSONParser.h */ = {isa = PBXFileReference; fileEncoding = 4; lastKnownFileType = sourcecode.c.h; name = JSONParser.h; path = Classes/JSONParser.h; sourceTree = "<group>"; };
		31215E1E17C9422B00B0F878 /* JSONParser.m */ = {isa = PBXFileReference; fileEncoding = 4; lastKnownFileType = sourcecode.c.objc; name = JSONParser.m; path = Classes/JSONParser.m; sourceTree = "<group>"; };
		312DFAF217CB075700B7D9A2 /* icon.png */ = {isa = PBXFileReference; lastKnownFileType = image.png; name = icon.png; path = ../icon.png; sourceTree = "<group>"; };
		312DFAF417CB075B00B7D9A2 /* icon@2x.png */ = {isa = PBXFileReference; lastKnownFileType = image.png; name = "icon@2x.png"; path = "../icon@2x.png"; sourceTree = "<group>"; };
		313874A91866517A009B3355 /* JASidePanelController.h */ = {isa = PBXFileReference; fileEncoding = 4; lastKnownFileType = sourcecode.c.h; path = JASidePanelController.h; sourceTree = "<group>"; };
		313874AA1866517A009B3355 /* UIViewController+JASidePanel.h */ = {isa = PBXFileReference; fileEncoding = 4; lastKnownFileType = sourcecode.c.h; path = "UIViewController+JASidePanel.h"; sourceTree = "<group>"; };
		313874AB1866517A009B3355 /* JASidePanelController.m */ = {isa = PBXFileReference; fileEncoding = 4; lastKnownFileType = sourcecode.c.objc; path = JASidePanelController.m; sourceTree = "<group>"; };
		313874AC1866517A009B3355 /* UIViewController+JASidePanel.m */ = {isa = PBXFileReference; fileEncoding = 4; lastKnownFileType = sourcecode.c.objc; path = "UIViewController+JASidePanel.m"; sourceTree = "<group>"; };
		313874AF186651BC009B3355 /* RRSidePanelController.h */ = {isa = PBXFileReference; fileEncoding = 4; lastKnownFileType = sourcecode.c.h; name = RRSidePanelController.h; path = Classes/RRSidePanelController.h; sourceTree = "<group>"; };
		313874B0186651BC009B3355 /* RRSidePanelController.m */ = {isa = PBXFileReference; fileEncoding = 4; lastKnownFileType = sourcecode.c.objc; name = RRSidePanelController.m; path = Classes/RRSidePanelController.m; sourceTree = "<group>"; };
		313874B3186653DA009B3355 /* RRSubRedditViewController.h */ = {isa = PBXFileReference; fileEncoding = 4; lastKnownFileType = sourcecode.c.h; name = RRSubRedditViewController.h; path = Classes/RRSubRedditViewController.h; sourceTree = "<group>"; };
		313874B4186653DA009B3355 /* RRSubRedditViewController.m */ = {isa = PBXFileReference; fileEncoding = 4; lastKnownFileType = sourcecode.c.objc; name = RRSubRedditViewController.m; path = Classes/RRSubRedditViewController.m; sourceTree = "<group>"; };
		3146685B17CA6A9E007D721F /* QuartzCore.framework */ = {isa = PBXFileReference; lastKnownFileType = wrapper.framework; name = QuartzCore.framework; path = System/Library/Frameworks/QuartzCore.framework; sourceTree = SDKROOT; };
		3146685D17CA8FA5007D721F /* RRTableViewController.h */ = {isa = PBXFileReference; fileEncoding = 4; lastKnownFileType = sourcecode.c.h; name = RRTableViewController.h; path = Classes/RRTableViewController.h; sourceTree = "<group>"; };
		3146685E17CA8FA5007D721F /* RRTableViewController.m */ = {isa = PBXFileReference; fileEncoding = 4; lastKnownFileType = sourcecode.c.objc; name = RRTableViewController.m; path = Classes/RRTableViewController.m; sourceTree = "<group>"; };
		3146686317CAC2FE007D721F /* NSDate+FormattingUtils.h */ = {isa = PBXFileReference; fileEncoding = 4; lastKnownFileType = sourcecode.c.h; name = "NSDate+FormattingUtils.h"; path = "Classes/NSDate+FormattingUtils.h"; sourceTree = "<group>"; };
		3146686417CAC2FE007D721F /* NSDate+FormattingUtils.m */ = {isa = PBXFileReference; fileEncoding = 4; lastKnownFileType = sourcecode.c.objc; name = "NSDate+FormattingUtils.m"; path = "Classes/NSDate+FormattingUtils.m"; sourceTree = "<group>"; };
		3146686C17CAC54C007D721F /* en */ = {isa = PBXFileReference; lastKnownFileType = text.plist.strings; name = en; path = en.lproj/Localizable.strings; sourceTree = "<group>"; };
		3173C8AD17CC4C7F001734CF /* AFHTTPClient.h */ = {isa = PBXFileReference; fileEncoding = 4; lastKnownFileType = sourcecode.c.h; path = AFHTTPClient.h; sourceTree = "<group>"; };
		3173C8AE17CC4C7F001734CF /* AFHTTPClient.m */ = {isa = PBXFileReference; fileEncoding = 4; lastKnownFileType = sourcecode.c.objc; path = AFHTTPClient.m; sourceTree = "<group>"; };
		3173C8AF17CC4C7F001734CF /* AFHTTPRequestOperation.h */ = {isa = PBXFileReference; fileEncoding = 4; lastKnownFileType = sourcecode.c.h; path = AFHTTPRequestOperation.h; sourceTree = "<group>"; };
		3173C8B017CC4C7F001734CF /* AFHTTPRequestOperation.m */ = {isa = PBXFileReference; fileEncoding = 4; lastKnownFileType = sourcecode.c.objc; path = AFHTTPRequestOperation.m; sourceTree = "<group>"; };
		3173C8B117CC4C7F001734CF /* AFImageRequestOperation.h */ = {isa = PBXFileReference; fileEncoding = 4; lastKnownFileType = sourcecode.c.h; path = AFImageRequestOperation.h; sourceTree = "<group>"; };
		3173C8B217CC4C7F001734CF /* AFImageRequestOperation.m */ = {isa = PBXFileReference; fileEncoding = 4; lastKnownFileType = sourcecode.c.objc; path = AFImageRequestOperation.m; sourceTree = "<group>"; };
		3173C8B317CC4C7F001734CF /* AFJSONRequestOperation.h */ = {isa = PBXFileReference; fileEncoding = 4; lastKnownFileType = sourcecode.c.h; path = AFJSONRequestOperation.h; sourceTree = "<group>"; };
		3173C8B417CC4C7F001734CF /* AFJSONRequestOperation.m */ = {isa = PBXFileReference; fileEncoding = 4; lastKnownFileType = sourcecode.c.objc; path = AFJSONRequestOperation.m; sourceTree = "<group>"; };
		3173C8B517CC4C7F001734CF /* AFNetworkActivityIndicatorManager.h */ = {isa = PBXFileReference; fileEncoding = 4; lastKnownFileType = sourcecode.c.h; path = AFNetworkActivityIndicatorManager.h; sourceTree = "<group>"; };
		3173C8B617CC4C7F001734CF /* AFNetworkActivityIndicatorManager.m */ = {isa = PBXFileReference; fileEncoding = 4; lastKnownFileType = sourcecode.c.objc; path = AFNetworkActivityIndicatorManager.m; sourceTree = "<group>"; };
		3173C8B717CC4C7F001734CF /* AFNetworking.h */ = {isa = PBXFileReference; fileEncoding = 4; lastKnownFileType = sourcecode.c.h; path = AFNetworking.h; sourceTree = "<group>"; };
		3173C8B817CC4C7F001734CF /* AFPropertyListRequestOperation.h */ = {isa = PBXFileReference; fileEncoding = 4; lastKnownFileType = sourcecode.c.h; path = AFPropertyListRequestOperation.h; sourceTree = "<group>"; };
		3173C8B917CC4C7F001734CF /* AFPropertyListRequestOperation.m */ = {isa = PBXFileReference; fileEncoding = 4; lastKnownFileType = sourcecode.c.objc; path = AFPropertyListRequestOperation.m; sourceTree = "<group>"; };
		3173C8BA17CC4C7F001734CF /* AFURLConnectionOperation.h */ = {isa = PBXFileReference; fileEncoding = 4; lastKnownFileType = sourcecode.c.h; path = AFURLConnectionOperation.h; sourceTree = "<group>"; };
		3173C8BB17CC4C7F001734CF /* AFURLConnectionOperation.m */ = {isa = PBXFileReference; fileEncoding = 4; lastKnownFileType = sourcecode.c.objc; path = AFURLConnectionOperation.m; sourceTree = "<group>"; };
		3173C8BC17CC4C7F001734CF /* AFXMLRequestOperation.h */ = {isa = PBXFileReference; fileEncoding = 4; lastKnownFileType = sourcecode.c.h; path = AFXMLRequestOperation.h; sourceTree = "<group>"; };
		3173C8BD17CC4C7F001734CF /* AFXMLRequestOperation.m */ = {isa = PBXFileReference; fileEncoding = 4; lastKnownFileType = sourcecode.c.objc; path = AFXMLRequestOperation.m; sourceTree = "<group>"; };
		3173C8BE17CC4C7F001734CF /* UIImageView+AFNetworking.h */ = {isa = PBXFileReference; fileEncoding = 4; lastKnownFileType = sourcecode.c.h; path = "UIImageView+AFNetworking.h"; sourceTree = "<group>"; };
		3173C8BF17CC4C7F001734CF /* UIImageView+AFNetworking.m */ = {isa = PBXFileReference; fileEncoding = 4; lastKnownFileType = sourcecode.c.objc; path = "UIImageView+AFNetworking.m"; sourceTree = "<group>"; };
		3173C8D217CC4CF0001734CF /* MobileCoreServices.framework */ = {isa = PBXFileReference; lastKnownFileType = wrapper.framework; name = MobileCoreServices.framework; path = System/Library/Frameworks/MobileCoreServices.framework; sourceTree = SDKROOT; };
		3173C8D417CC4D04001734CF /* SystemConfiguration.framework */ = {isa = PBXFileReference; lastKnownFileType = wrapper.framework; name = SystemConfiguration.framework; path = System/Library/Frameworks/SystemConfiguration.framework; sourceTree = SDKROOT; };
		3173C8D617CC4D0A001734CF /* Security.framework */ = {isa = PBXFileReference; lastKnownFileType = wrapper.framework; name = Security.framework; path = System/Library/Frameworks/Security.framework; sourceTree = SDKROOT; };
		3173C8D917CC5542001734CF /* RRHTTPClient.h */ = {isa = PBXFileReference; fileEncoding = 4; lastKnownFileType = sourcecode.c.h; name = RRHTTPClient.h; path = Classes/RRHTTPClient.h; sourceTree = "<group>"; };
		3173C8DA17CC5542001734CF /* RRHTTPClient.m */ = {isa = PBXFileReference; fileEncoding = 4; lastKnownFileType = sourcecode.c.objc; name = RRHTTPClient.m; path = Classes/RRHTTPClient.m; sourceTree = "<group>"; };
		3173C8DD17CC6506001734CF /* speechbubbles.png */ = {isa = PBXFileReference; lastKnownFileType = image.png; name = speechbubbles.png; path = Resources/images/speechbubbles.png; sourceTree = "<group>"; };
		3173C8DE17CC6506001734CF /* speechbubbles@2x.png */ = {isa = PBXFileReference; lastKnownFileType = image.png; name = "speechbubbles@2x.png"; path = "Resources/images/speechbubbles@2x.png"; sourceTree = "<group>"; };
		3173C8E117CC654D001734CF /* timer.png */ = {isa = PBXFileReference; lastKnownFileType = image.png; name = timer.png; path = Resources/images/timer.png; sourceTree = "<group>"; };
		3173C8E217CC654D001734CF /* timer@2x.png */ = {isa = PBXFileReference; lastKnownFileType = image.png; name = "timer@2x.png"; path = "Resources/images/timer@2x.png"; sourceTree = "<group>"; };
		31BB8FDA17C974C600F86D87 /* MapKit.framework */ = {isa = PBXFileReference; lastKnownFileType = wrapper.framework; name = MapKit.framework; path = System/Library/Frameworks/MapKit.framework; sourceTree = SDKROOT; };
		31BB8FDE17C9763400F86D87 /* placeholder.jpg */ = {isa = PBXFileReference; lastKnownFileType = image.jpeg; name = placeholder.jpg; path = Resources/images/placeholder.jpg; sourceTree = "<group>"; };
		31C69905187E58B4004BFDF5 /* EXPhotoViewer.h */ = {isa = PBXFileReference; fileEncoding = 4; lastKnownFileType = sourcecode.c.h; path = EXPhotoViewer.h; sourceTree = "<group>"; };
		31C69906187E58B4004BFDF5 /* EXPhotoViewer.m */ = {isa = PBXFileReference; fileEncoding = 4; lastKnownFileType = sourcecode.c.objc; path = EXPhotoViewer.m; sourceTree = "<group>"; };
		31C69907187E58B4004BFDF5 /* EXPhotoViewer.xib */ = {isa = PBXFileReference; fileEncoding = 4; lastKnownFileType = file.xib; path = EXPhotoViewer.xib; sourceTree = "<group>"; };
		31C6990C187E6018004BFDF5 /* UIView+EasyFrame.h */ = {isa = PBXFileReference; fileEncoding = 4; lastKnownFileType = sourcecode.c.h; path = "UIView+EasyFrame.h"; sourceTree = "<group>"; };
		31C6990D187E6018004BFDF5 /* UIView+EasyFrame.m */ = {isa = PBXFileReference; fileEncoding = 4; lastKnownFileType = sourcecode.c.objc; path = "UIView+EasyFrame.m"; sourceTree = "<group>"; };
		31C6991118841739004BFDF5 /* MKAnnotationView+WebCache.h */ = {isa = PBXFileReference; fileEncoding = 4; lastKnownFileType = sourcecode.c.h; path = "MKAnnotationView+WebCache.h"; sourceTree = "<group>"; };
		31C6991218841739004BFDF5 /* MKAnnotationView+WebCache.m */ = {isa = PBXFileReference; fileEncoding = 4; lastKnownFileType = sourcecode.c.objc; path = "MKAnnotationView+WebCache.m"; sourceTree = "<group>"; };
		31C6991318841739004BFDF5 /* SDImageCache.h */ = {isa = PBXFileReference; fileEncoding = 4; lastKnownFileType = sourcecode.c.h; path = SDImageCache.h; sourceTree = "<group>"; };
		31C6991418841739004BFDF5 /* SDImageCache.m */ = {isa = PBXFileReference; fileEncoding = 4; lastKnownFileType = sourcecode.c.objc; path = SDImageCache.m; sourceTree = "<group>"; };
		31C6991518841739004BFDF5 /* SDWebImageCompat.h */ = {isa = PBXFileReference; fileEncoding = 4; lastKnownFileType = sourcecode.c.h; path = SDWebImageCompat.h; sourceTree = "<group>"; };
		31C6991618841739004BFDF5 /* SDWebImageCompat.m */ = {isa = PBXFileReference; fileEncoding = 4; lastKnownFileType = sourcecode.c.objc; path = SDWebImageCompat.m; sourceTree = "<group>"; };
		31C6991718841739004BFDF5 /* SDWebImageDecoder.h */ = {isa = PBXFileReference; fileEncoding = 4; lastKnownFileType = sourcecode.c.h; path = SDWebImageDecoder.h; sourceTree = "<group>"; };
		31C6991818841739004BFDF5 /* SDWebImageDecoder.m */ = {isa = PBXFileReference; fileEncoding = 4; lastKnownFileType = sourcecode.c.objc; path = SDWebImageDecoder.m; sourceTree = "<group>"; };
		31C6991918841739004BFDF5 /* SDWebImageDownloader.h */ = {isa = PBXFileReference; fileEncoding = 4; lastKnownFileType = sourcecode.c.h; path = SDWebImageDownloader.h; sourceTree = "<group>"; };
		31C6991A18841739004BFDF5 /* SDWebImageDownloader.m */ = {isa = PBXFileReference; fileEncoding = 4; lastKnownFileType = sourcecode.c.objc; path = SDWebImageDownloader.m; sourceTree = "<group>"; };
		31C6991B18841739004BFDF5 /* SDWebImageDownloaderOperation.h */ = {isa = PBXFileReference; fileEncoding = 4; lastKnownFileType = sourcecode.c.h; path = SDWebImageDownloaderOperation.h; sourceTree = "<group>"; };
		31C6991C18841739004BFDF5 /* SDWebImageDownloaderOperation.m */ = {isa = PBXFileReference; fileEncoding = 4; lastKnownFileType = sourcecode.c.objc; path = SDWebImageDownloaderOperation.m; sourceTree = "<group>"; };
		31C6991D18841739004BFDF5 /* SDWebImageManager.h */ = {isa = PBXFileReference; fileEncoding = 4; lastKnownFileType = sourcecode.c.h; path = SDWebImageManager.h; sourceTree = "<group>"; };
		31C6991E18841739004BFDF5 /* SDWebImageManager.m */ = {isa = PBXFileReference; fileEncoding = 4; lastKnownFileType = sourcecode.c.objc; path = SDWebImageManager.m; sourceTree = "<group>"; };
		31C6991F18841739004BFDF5 /* SDWebImageOperation.h */ = {isa = PBXFileReference; fileEncoding = 4; lastKnownFileType = sourcecode.c.h; path = SDWebImageOperation.h; sourceTree = "<group>"; };
		31C6992018841739004BFDF5 /* SDWebImagePrefetcher.h */ = {isa = PBXFileReference; fileEncoding = 4; lastKnownFileType = sourcecode.c.h; path = SDWebImagePrefetcher.h; sourceTree = "<group>"; };
		31C6992118841739004BFDF5 /* SDWebImagePrefetcher.m */ = {isa = PBXFileReference; fileEncoding = 4; lastKnownFileType = sourcecode.c.objc; path = SDWebImagePrefetcher.m; sourceTree = "<group>"; };
		31C6992218841739004BFDF5 /* UIButton+WebCache.h */ = {isa = PBXFileReference; fileEncoding = 4; lastKnownFileType = sourcecode.c.h; path = "UIButton+WebCache.h"; sourceTree = "<group>"; };
		31C6992318841739004BFDF5 /* UIButton+WebCache.m */ = {isa = PBXFileReference; fileEncoding = 4; lastKnownFileType = sourcecode.c.objc; path = "UIButton+WebCache.m"; sourceTree = "<group>"; };
		31C6992418841739004BFDF5 /* UIImage+GIF.h */ = {isa = PBXFileReference; fileEncoding = 4; lastKnownFileType = sourcecode.c.h; path = "UIImage+GIF.h"; sourceTree = "<group>"; };
		31C6992518841739004BFDF5 /* UIImage+GIF.m */ = {isa = PBXFileReference; fileEncoding = 4; lastKnownFileType = sourcecode.c.objc; path = "UIImage+GIF.m"; sourceTree = "<group>"; };
		31C6992618841739004BFDF5 /* UIImage+MultiFormat.h */ = {isa = PBXFileReference; fileEncoding = 4; lastKnownFileType = sourcecode.c.h; path = "UIImage+MultiFormat.h"; sourceTree = "<group>"; };
		31C6992718841739004BFDF5 /* UIImage+MultiFormat.m */ = {isa = PBXFileReference; fileEncoding = 4; lastKnownFileType = sourcecode.c.objc; path = "UIImage+MultiFormat.m"; sourceTree = "<group>"; };
		31C6992818841739004BFDF5 /* UIImage+WebP.h */ = {isa = PBXFileReference; fileEncoding = 4; lastKnownFileType = sourcecode.c.h; path = "UIImage+WebP.h"; sourceTree = "<group>"; };
		31C6992918841739004BFDF5 /* UIImage+WebP.m */ = {isa = PBXFileReference; fileEncoding = 4; lastKnownFileType = sourcecode.c.objc; path = "UIImage+WebP.m"; sourceTree = "<group>"; };
		31C6992A18841739004BFDF5 /* UIImageView+WebCache.h */ = {isa = PBXFileReference; fileEncoding = 4; lastKnownFileType = sourcecode.c.h; path = "UIImageView+WebCache.h"; sourceTree = "<group>"; };
		31C6992B18841739004BFDF5 /* UIImageView+WebCache.m */ = {isa = PBXFileReference; fileEncoding = 4; lastKnownFileType = sourcecode.c.objc; path = "UIImageView+WebCache.m"; sourceTree = "<group>"; };
		31C6993918841806004BFDF5 /* NSData+ImageContentType.h */ = {isa = PBXFileReference; fileEncoding = 4; lastKnownFileType = sourcecode.c.h; path = "NSData+ImageContentType.h"; sourceTree = "<group>"; };
		31C6993A18841806004BFDF5 /* NSData+ImageContentType.m */ = {isa = PBXFileReference; fileEncoding = 4; lastKnownFileType = sourcecode.c.objc; path = "NSData+ImageContentType.m"; sourceTree = "<group>"; };
		31CF0227186944D20053AEC6 /* RRSubReddit.h */ = {isa = PBXFileReference; fileEncoding = 4; lastKnownFileType = sourcecode.c.h; name = RRSubReddit.h; path = Classes/RRSubReddit.h; sourceTree = "<group>"; };
		31CF0228186944D20053AEC6 /* RRSubReddit.m */ = {isa = PBXFileReference; fileEncoding = 4; lastKnownFileType = sourcecode.c.objc; name = RRSubReddit.m; path = Classes/RRSubReddit.m; sourceTree = "<group>"; };
		31D214971878BD1E007E2738 /* RRSearchResultsViewController.h */ = {isa = PBXFileReference; fileEncoding = 4; lastKnownFileType = sourcecode.c.h; name = RRSearchResultsViewController.h; path = Classes/RRSearchResultsViewController.h; sourceTree = "<group>"; };
		31D214981878BD1E007E2738 /* RRSearchResultsViewController.m */ = {isa = PBXFileReference; fileEncoding = 4; lastKnownFileType = sourcecode.c.objc; name = RRSearchResultsViewController.m; path = Classes/RRSearchResultsViewController.m; sourceTree = "<group>"; };
		31EF8719186F74CF00649EB5 /* RRSearchController.h */ = {isa = PBXFileReference; fileEncoding = 4; lastKnownFileType = sourcecode.c.h; name = RRSearchController.h; path = Classes/RRSearchController.h; sourceTree = "<group>"; };
		31EF871A186F74CF00649EB5 /* RRSearchController.m */ = {isa = PBXFileReference; fileEncoding = 4; lastKnownFileType = sourcecode.c.objc; name = RRSearchController.m; path = Classes/RRSearchController.m; sourceTree = "<group>"; };
		31F9DD38181DD8D80046090A /* RReditCommentsCellView.h */ = {isa = PBXFileReference; fileEncoding = 4; lastKnownFileType = sourcecode.c.h; path = RReditCommentsCellView.h; sourceTree = "<group>"; };
		31F9DD39181DD8D80046090A /* RReditCommentsCellView.m */ = {isa = PBXFileReference; fileEncoding = 4; lastKnownFileType = sourcecode.c.objc; path = RReditCommentsCellView.m; sourceTree = "<group>"; };
		31FBDFDE1813637E005BC356 /* Storyboard.storyboard */ = {isa = PBXFileReference; fileEncoding = 4; lastKnownFileType = file.storyboard; name = Storyboard.storyboard; path = ../Storyboard.storyboard; sourceTree = "<group>"; };
		31FBDFE218139B6B005BC356 /* RedditPostDetailViewController.h */ = {isa = PBXFileReference; fileEncoding = 4; lastKnownFileType = sourcecode.c.h; path = RedditPostDetailViewController.h; sourceTree = "<group>"; };
		31FBDFE318139B6B005BC356 /* RedditPostDetailViewController.m */ = {isa = PBXFileReference; fileEncoding = 4; lastKnownFileType = sourcecode.c.objc; path = RedditPostDetailViewController.m; sourceTree = "<group>"; };
		31FBDFE51814751C005BC356 /* RRReditComment.h */ = {isa = PBXFileReference; fileEncoding = 4; lastKnownFileType = sourcecode.c.h; name = RRReditComment.h; path = Classes/RRReditComment.h; sourceTree = "<group>"; };
		31FBDFE61814751C005BC356 /* RRReditComment.m */ = {isa = PBXFileReference; fileEncoding = 4; lastKnownFileType = sourcecode.c.objc; name = RRReditComment.m; path = Classes/RRReditComment.m; sourceTree = "<group>"; };
/* End PBXFileReference section */

/* Begin PBXFrameworksBuildPhase section */
		31215DC517C8EAC800B0F878 /* Frameworks */ = {
			isa = PBXFrameworksBuildPhase;
			buildActionMask = 2147483647;
			files = (
				313874B61866549D009B3355 /* QuartzCore.framework in Frameworks */,
				3173C8D717CC4D0A001734CF /* Security.framework in Frameworks */,
				3173C8D517CC4D04001734CF /* SystemConfiguration.framework in Frameworks */,
				3173C8D317CC4CF0001734CF /* MobileCoreServices.framework in Frameworks */,
				31BB8FDB17C974C600F86D87 /* MapKit.framework in Frameworks */,
				311F6B0917C97060003A5A0E /* ImageIO.framework in Frameworks */,
				31215DCC17C8EAC800B0F878 /* UIKit.framework in Frameworks */,
				31215DCE17C8EAC800B0F878 /* Foundation.framework in Frameworks */,
				31215DD017C8EAC800B0F878 /* CoreGraphics.framework in Frameworks */,
			);
			runOnlyForDeploymentPostprocessing = 0;
		};
/* End PBXFrameworksBuildPhase section */

/* Begin PBXGroup section */
		31215DBF17C8EAC800B0F878 = {
			isa = PBXGroup;
			children = (
				31C6990A187E6007004BFDF5 /* Categories */,
				31215DD117C8EAC800B0F878 /* RedditReader */,
				31215DCA17C8EAC800B0F878 /* Frameworks */,
				31215DC917C8EAC800B0F878 /* Products */,
			);
			sourceTree = "<group>";
		};
		31215DC917C8EAC800B0F878 /* Products */ = {
			isa = PBXGroup;
			children = (
				31215DC817C8EAC800B0F878 /* RedditReader.app */,
			);
			name = Products;
			sourceTree = "<group>";
		};
		31215DCA17C8EAC800B0F878 /* Frameworks */ = {
			isa = PBXGroup;
			children = (
				31C6991018841739004BFDF5 /* SDWebImage */,
				3173C8D617CC4D0A001734CF /* Security.framework */,
				3173C8D417CC4D04001734CF /* SystemConfiguration.framework */,
				3173C8D217CC4CF0001734CF /* MobileCoreServices.framework */,
				3173C8AC17CC4C7F001734CF /* AFNetworking */,
				3146685B17CA6A9E007D721F /* QuartzCore.framework */,
				31BB8FDA17C974C600F86D87 /* MapKit.framework */,
				311F6B0817C97060003A5A0E /* ImageIO.framework */,
				31215DCB17C8EAC800B0F878 /* UIKit.framework */,
				31215DCD17C8EAC800B0F878 /* Foundation.framework */,
				31215DCF17C8EAC800B0F878 /* CoreGraphics.framework */,
				31215DEF17C8EAC900B0F878 /* SenTestingKit.framework */,
			);
			name = Frameworks;
			sourceTree = "<group>";
		};
		31215DD117C8EAC800B0F878 /* RedditReader */ = {
			isa = PBXGroup;
			children = (
				31C69904187E58B4004BFDF5 /* EXPhotoViewer */,
				31FBDFE118139B2E005BC356 /* Controllers */,
				31FBDFDE1813637E005BC356 /* Storyboard.storyboard */,
				3173C8D817CC5503001734CF /* HTTP */,
				3146686217CAC2C0007D721F /* Helpers */,
				31215E1517C91DF600B0F878 /* Views */,
				31215E1017C91C3900B0F878 /* Model */,
				31215E0617C8F41200B0F878 /* Store */,
				31215DDA17C8EAC800B0F878 /* AppDelegate.h */,
				31215DDB17C8EAC800B0F878 /* AppDelegate.m */,
				31BB8FDC17C9761700F86D87 /* Resources */,
				31215DD217C8EAC800B0F878 /* Supporting Files */,
				31215E0717C8F73E00B0F878 /* Constants.h */,
			);
			path = RedditReader;
			sourceTree = "<group>";
		};
		31215DD217C8EAC800B0F878 /* Supporting Files */ = {
			isa = PBXGroup;
			children = (
				312DFAF417CB075B00B7D9A2 /* icon@2x.png */,
				312DFAF217CB075700B7D9A2 /* icon.png */,
				3146686D17CAC54C007D721F /* Localizable.strings */,
				31215DD317C8EAC800B0F878 /* RedditReader-Info.plist */,
				31215DD417C8EAC800B0F878 /* InfoPlist.strings */,
				31215DD717C8EAC800B0F878 /* main.m */,
				31215DD917C8EAC800B0F878 /* RedditReader-Prefix.pch */,
				31215DDD17C8EAC800B0F878 /* Default.png */,
				31215DDF17C8EAC800B0F878 /* Default@2x.png */,
				31215DE117C8EAC800B0F878 /* Default-568h@2x.png */,
			);
			name = "Supporting Files";
			sourceTree = "<group>";
		};
		31215E0617C8F41200B0F878 /* Store */ = {
			isa = PBXGroup;
			children = (
				31215E1D17C9422B00B0F878 /* JSONParser.h */,
				31215E1E17C9422B00B0F878 /* JSONParser.m */,
				31215E0817C90D5F00B0F878 /* RRStore.h */,
				31215E0917C90D5F00B0F878 /* RRStore.m */,
			);
			name = Store;
			sourceTree = "<group>";
		};
		31215E1017C91C3900B0F878 /* Model */ = {
			isa = PBXGroup;
			children = (
				31215E1117C91C6600B0F878 /* RRReditEntry.h */,
				31215E1217C91C6600B0F878 /* RRReditEntry.m */,
				31FBDFE51814751C005BC356 /* RRReditComment.h */,
				31FBDFE61814751C005BC356 /* RRReditComment.m */,
				31CF0227186944D20053AEC6 /* RRSubReddit.h */,
				31CF0228186944D20053AEC6 /* RRSubReddit.m */,
			);
			name = Model;
			sourceTree = "<group>";
		};
		31215E1517C91DF600B0F878 /* Views */ = {
			isa = PBXGroup;
			children = (
				31215E1917C9218800B0F878 /* RRReditEntryCellView.h */,
				31215E1A17C9218800B0F878 /* RRReditEntryCellView.m */,
				31F9DD38181DD8D80046090A /* RReditCommentsCellView.h */,
				31F9DD39181DD8D80046090A /* RReditCommentsCellView.m */,
			);
			name = Views;
			sourceTree = "<group>";
		};
		313874A818665164009B3355 /* SideController */ = {
			isa = PBXGroup;
			children = (
				313874A91866517A009B3355 /* JASidePanelController.h */,
				313874AA1866517A009B3355 /* UIViewController+JASidePanel.h */,
				313874AB1866517A009B3355 /* JASidePanelController.m */,
				313874AC1866517A009B3355 /* UIViewController+JASidePanel.m */,
				313874AF186651BC009B3355 /* RRSidePanelController.h */,
				313874B0186651BC009B3355 /* RRSidePanelController.m */,
			);
			name = SideController;
			sourceTree = "<group>";
		};
		313874B2186653B1009B3355 /* leftSideController */ = {
			isa = PBXGroup;
			children = (
				313874B3186653DA009B3355 /* RRSubRedditViewController.h */,
				313874B4186653DA009B3355 /* RRSubRedditViewController.m */,
			);
			name = leftSideController;
			sourceTree = "<group>";
		};
		3146686217CAC2C0007D721F /* Helpers */ = {
			isa = PBXGroup;
			children = (
				3146686317CAC2FE007D721F /* NSDate+FormattingUtils.h */,
				3146686417CAC2FE007D721F /* NSDate+FormattingUtils.m */,
			);
			name = Helpers;
			sourceTree = "<group>";
		};
		3173C8AC17CC4C7F001734CF /* AFNetworking */ = {
			isa = PBXGroup;
			children = (
				3173C8AD17CC4C7F001734CF /* AFHTTPClient.h */,
				3173C8AE17CC4C7F001734CF /* AFHTTPClient.m */,
				3173C8AF17CC4C7F001734CF /* AFHTTPRequestOperation.h */,
				3173C8B017CC4C7F001734CF /* AFHTTPRequestOperation.m */,
				3173C8B117CC4C7F001734CF /* AFImageRequestOperation.h */,
				3173C8B217CC4C7F001734CF /* AFImageRequestOperation.m */,
				3173C8B317CC4C7F001734CF /* AFJSONRequestOperation.h */,
				3173C8B417CC4C7F001734CF /* AFJSONRequestOperation.m */,
				3173C8B517CC4C7F001734CF /* AFNetworkActivityIndicatorManager.h */,
				3173C8B617CC4C7F001734CF /* AFNetworkActivityIndicatorManager.m */,
				3173C8B717CC4C7F001734CF /* AFNetworking.h */,
				3173C8B817CC4C7F001734CF /* AFPropertyListRequestOperation.h */,
				3173C8B917CC4C7F001734CF /* AFPropertyListRequestOperation.m */,
				3173C8BA17CC4C7F001734CF /* AFURLConnectionOperation.h */,
				3173C8BB17CC4C7F001734CF /* AFURLConnectionOperation.m */,
				3173C8BC17CC4C7F001734CF /* AFXMLRequestOperation.h */,
				3173C8BD17CC4C7F001734CF /* AFXMLRequestOperation.m */,
				3173C8BE17CC4C7F001734CF /* UIImageView+AFNetworking.h */,
				3173C8BF17CC4C7F001734CF /* UIImageView+AFNetworking.m */,
			);
			path = AFNetworking;
			sourceTree = "<group>";
		};
		3173C8D817CC5503001734CF /* HTTP */ = {
			isa = PBXGroup;
			children = (
				3173C8D917CC5542001734CF /* RRHTTPClient.h */,
				3173C8DA17CC5542001734CF /* RRHTTPClient.m */,
			);
			name = HTTP;
			sourceTree = "<group>";
		};
		31BB8FDC17C9761700F86D87 /* Resources */ = {
			isa = PBXGroup;
			children = (
				31BB8FDD17C9762100F86D87 /* images */,
			);
			name = Resources;
			sourceTree = "<group>";
		};
		31BB8FDD17C9762100F86D87 /* images */ = {
			isa = PBXGroup;
			children = (
				3173C8DD17CC6506001734CF /* speechbubbles.png */,
				3173C8DE17CC6506001734CF /* speechbubbles@2x.png */,
				31BB8FDE17C9763400F86D87 /* placeholder.jpg */,
				3173C8E117CC654D001734CF /* timer.png */,
				3173C8E217CC654D001734CF /* timer@2x.png */,
			);
			name = images;
			sourceTree = "<group>";
		};
		31C69904187E58B4004BFDF5 /* EXPhotoViewer */ = {
			isa = PBXGroup;
			children = (
				31C69905187E58B4004BFDF5 /* EXPhotoViewer.h */,
				31C69906187E58B4004BFDF5 /* EXPhotoViewer.m */,
				31C69907187E58B4004BFDF5 /* EXPhotoViewer.xib */,
			);
			path = EXPhotoViewer;
			sourceTree = "<group>";
		};
		31C6990A187E6007004BFDF5 /* Categories */ = {
			isa = PBXGroup;
			children = (
				31C6993918841806004BFDF5 /* NSData+ImageContentType.h */,
				31C6993A18841806004BFDF5 /* NSData+ImageContentType.m */,
				31C6990B187E6018004BFDF5 /* UIView+EasyFrame */,
			);
			name = Categories;
			sourceTree = "<group>";
		};
		31C6990B187E6018004BFDF5 /* UIView+EasyFrame */ = {
			isa = PBXGroup;
			children = (
				31C6990C187E6018004BFDF5 /* UIView+EasyFrame.h */,
				31C6990D187E6018004BFDF5 /* UIView+EasyFrame.m */,
			);
			path = "UIView+EasyFrame";
			sourceTree = "<group>";
		};
		31C6991018841739004BFDF5 /* SDWebImage */ = {
			isa = PBXGroup;
			children = (
				31C6991118841739004BFDF5 /* MKAnnotationView+WebCache.h */,
				31C6991218841739004BFDF5 /* MKAnnotationView+WebCache.m */,
				31C6991318841739004BFDF5 /* SDImageCache.h */,
				31C6991418841739004BFDF5 /* SDImageCache.m */,
				31C6991518841739004BFDF5 /* SDWebImageCompat.h */,
				31C6991618841739004BFDF5 /* SDWebImageCompat.m */,
				31C6991718841739004BFDF5 /* SDWebImageDecoder.h */,
				31C6991818841739004BFDF5 /* SDWebImageDecoder.m */,
				31C6991918841739004BFDF5 /* SDWebImageDownloader.h */,
				31C6991A18841739004BFDF5 /* SDWebImageDownloader.m */,
				31C6991B18841739004BFDF5 /* SDWebImageDownloaderOperation.h */,
				31C6991C18841739004BFDF5 /* SDWebImageDownloaderOperation.m */,
				31C6991D18841739004BFDF5 /* SDWebImageManager.h */,
				31C6991E18841739004BFDF5 /* SDWebImageManager.m */,
				31C6991F18841739004BFDF5 /* SDWebImageOperation.h */,
				31C6992018841739004BFDF5 /* SDWebImagePrefetcher.h */,
				31C6992118841739004BFDF5 /* SDWebImagePrefetcher.m */,
				31C6992218841739004BFDF5 /* UIButton+WebCache.h */,
				31C6992318841739004BFDF5 /* UIButton+WebCache.m */,
				31C6992418841739004BFDF5 /* UIImage+GIF.h */,
				31C6992518841739004BFDF5 /* UIImage+GIF.m */,
				31C6992618841739004BFDF5 /* UIImage+MultiFormat.h */,
				31C6992718841739004BFDF5 /* UIImage+MultiFormat.m */,
				31C6992818841739004BFDF5 /* UIImage+WebP.h */,
				31C6992918841739004BFDF5 /* UIImage+WebP.m */,
				31C6992A18841739004BFDF5 /* UIImageView+WebCache.h */,
				31C6992B18841739004BFDF5 /* UIImageView+WebCache.m */,
			);
			path = SDWebImage;
			sourceTree = "<group>";
		};
		31EF8718186F742D00649EB5 /* Search */ = {
			isa = PBXGroup;
			children = (
				31EF8719186F74CF00649EB5 /* RRSearchController.h */,
				31EF871A186F74CF00649EB5 /* RRSearchController.m */,
				31D214971878BD1E007E2738 /* RRSearchResultsViewController.h */,
				31D214981878BD1E007E2738 /* RRSearchResultsViewController.m */,
			);
			name = Search;
			sourceTree = "<group>";
		};
		31FBDFE118139B2E005BC356 /* Controllers */ = {
			isa = PBXGroup;
			children = (
				31EF8718186F742D00649EB5 /* Search */,
				313874B2186653B1009B3355 /* leftSideController */,
				313874A818665164009B3355 /* SideController */,
				3107931C18539687001C19C6 /* MHFacebookImageViewer.h */,
				3107931D18539687001C19C6 /* MHFacebookImageViewer.m */,
				3146685D17CA8FA5007D721F /* RRTableViewController.h */,
				3146685E17CA8FA5007D721F /* RRTableViewController.m */,
				31FBDFE218139B6B005BC356 /* RedditPostDetailViewController.h */,
				31FBDFE318139B6B005BC356 /* RedditPostDetailViewController.m */,
			);
			name = Controllers;
			sourceTree = "<group>";
		};
/* End PBXGroup section */

/* Begin PBXNativeTarget section */
		31215DC717C8EAC800B0F878 /* RedditReader */ = {
			isa = PBXNativeTarget;
			buildConfigurationList = 31215E0017C8EAC900B0F878 /* Build configuration list for PBXNativeTarget "RedditReader" */;
			buildPhases = (
				31215DC417C8EAC800B0F878 /* Sources */,
				31215DC517C8EAC800B0F878 /* Frameworks */,
				31215DC617C8EAC800B0F878 /* Resources */,
			);
			buildRules = (
			);
			dependencies = (
			);
			name = RedditReader;
			productName = RedditReader;
			productReference = 31215DC817C8EAC800B0F878 /* RedditReader.app */;
			productType = "com.apple.product-type.application";
		};
/* End PBXNativeTarget section */

/* Begin PBXProject section */
		31215DC017C8EAC800B0F878 /* Project object */ = {
			isa = PBXProject;
			attributes = {
				LastUpgradeCheck = 0460;
				ORGANIZATIONNAME = "Christian De Martino";
			};
			buildConfigurationList = 31215DC317C8EAC800B0F878 /* Build configuration list for PBXProject "RedditReader" */;
			compatibilityVersion = "Xcode 3.2";
			developmentRegion = English;
			hasScannedForEncodings = 0;
			knownRegions = (
				en,
			);
			mainGroup = 31215DBF17C8EAC800B0F878;
			productRefGroup = 31215DC917C8EAC800B0F878 /* Products */;
			projectDirPath = "";
			projectRoot = "";
			targets = (
				31215DC717C8EAC800B0F878 /* RedditReader */,
			);
		};
/* End PBXProject section */

/* Begin PBXResourcesBuildPhase section */
		31215DC617C8EAC800B0F878 /* Resources */ = {
			isa = PBXResourcesBuildPhase;
			buildActionMask = 2147483647;
			files = (
				31215DD617C8EAC800B0F878 /* InfoPlist.strings in Resources */,
				31215DDE17C8EAC800B0F878 /* Default.png in Resources */,
				31215DE017C8EAC800B0F878 /* Default@2x.png in Resources */,
				31215DE217C8EAC800B0F878 /* Default-568h@2x.png in Resources */,
				31BB8FDF17C9763400F86D87 /* placeholder.jpg in Resources */,
				3146686A17CAC54C007D721F /* Localizable.strings in Resources */,
				312DFAF317CB075700B7D9A2 /* icon.png in Resources */,
				312DFAF517CB075C00B7D9A2 /* icon@2x.png in Resources */,
				3173C8DF17CC6506001734CF /* speechbubbles.png in Resources */,
				3173C8E017CC6506001734CF /* speechbubbles@2x.png in Resources */,
				3173C8E317CC654D001734CF /* timer.png in Resources */,
				31C69909187E58B4004BFDF5 /* EXPhotoViewer.xib in Resources */,
				3173C8E417CC654D001734CF /* timer@2x.png in Resources */,
				31FBDFDF1813637E005BC356 /* Storyboard.storyboard in Resources */,
			);
			runOnlyForDeploymentPostprocessing = 0;
		};
/* End PBXResourcesBuildPhase section */

/* Begin PBXSourcesBuildPhase section */
		31215DC417C8EAC800B0F878 /* Sources */ = {
			isa = PBXSourcesBuildPhase;
			buildActionMask = 2147483647;
			files = (
				31215DD817C8EAC800B0F878 /* main.m in Sources */,
				31C6992C18841739004BFDF5 /* MKAnnotationView+WebCache.m in Sources */,
				31215DDC17C8EAC800B0F878 /* AppDelegate.m in Sources */,
				31C6993318841739004BFDF5 /* SDWebImagePrefetcher.m in Sources */,
				31215E0A17C90D5F00B0F878 /* RRStore.m in Sources */,
				31C6993118841739004BFDF5 /* SDWebImageDownloaderOperation.m in Sources */,
				31C69908187E58B4004BFDF5 /* EXPhotoViewer.m in Sources */,
				31215E1317C91C6600B0F878 /* RRReditEntry.m in Sources */,
				31215E1B17C9218800B0F878 /* RRReditEntryCellView.m in Sources */,
				31C6993718841739004BFDF5 /* UIImage+WebP.m in Sources */,
				31C6992F18841739004BFDF5 /* SDWebImageDecoder.m in Sources */,
				31C6993618841739004BFDF5 /* UIImage+MultiFormat.m in Sources */,
				31C6992D18841739004BFDF5 /* SDImageCache.m in Sources */,
				313874AE1866517A009B3355 /* UIViewController+JASidePanel.m in Sources */,
				31215E1F17C9422B00B0F878 /* JSONParser.m in Sources */,
				31CF0229186944D20053AEC6 /* RRSubReddit.m in Sources */,
				31C6992E18841739004BFDF5 /* SDWebImageCompat.m in Sources */,
				313874AD1866517A009B3355 /* JASidePanelController.m in Sources */,
				31C6993518841739004BFDF5 /* UIImage+GIF.m in Sources */,
				31C6993218841739004BFDF5 /* SDWebImageManager.m in Sources */,
				31F9DD3A181DD8D80046090A /* RReditCommentsCellView.m in Sources */,
				31D214991878BD1E007E2738 /* RRSearchResultsViewController.m in Sources */,
				31C6993818841739004BFDF5 /* UIImageView+WebCache.m in Sources */,
				3107931E18539687001C19C6 /* MHFacebookImageViewer.m in Sources */,
				3146686017CA8FA5007D721F /* RRTableViewController.m in Sources */,
				3146686517CAC2FE007D721F /* NSDate+FormattingUtils.m in Sources */,
				3173C8C017CC4C7F001734CF /* AFHTTPClient.m in Sources */,
				3173C8C217CC4C7F001734CF /* AFHTTPRequestOperation.m in Sources */,
				3173C8C417CC4C7F001734CF /* AFImageRequestOperation.m in Sources */,
				3173C8C617CC4C7F001734CF /* AFJSONRequestOperation.m in Sources */,
				31EF871B186F74CF00649EB5 /* RRSearchController.m in Sources */,
				3173C8C817CC4C7F001734CF /* AFNetworkActivityIndicatorManager.m in Sources */,
				3173C8CA17CC4C7F001734CF /* AFPropertyListRequestOperation.m in Sources */,
				313874B1186651BC009B3355 /* RRSidePanelController.m in Sources */,
				3173C8CC17CC4C7F001734CF /* AFURLConnectionOperation.m in Sources */,
				31C6993018841739004BFDF5 /* SDWebImageDownloader.m in Sources */,
				3173C8CE17CC4C7F001734CF /* AFXMLRequestOperation.m in Sources */,
				3173C8D017CC4C7F001734CF /* UIImageView+AFNetworking.m in Sources */,
				3173C8DB17CC5542001734CF /* RRHTTPClient.m in Sources */,
				31FBDFE418139B6B005BC356 /* RedditPostDetailViewController.m in Sources */,
				31C6993B18841806004BFDF5 /* NSData+ImageContentType.m in Sources */,
				31C6990E187E6018004BFDF5 /* UIView+EasyFrame.m in Sources */,
				31C6993418841739004BFDF5 /* UIButton+WebCache.m in Sources */,
				31FBDFE71814751C005BC356 /* RRReditComment.m in Sources */,
				313874B5186653DA009B3355 /* RRSubRedditViewController.m in Sources */,
			);
			runOnlyForDeploymentPostprocessing = 0;
		};
/* End PBXSourcesBuildPhase section */

/* Begin PBXVariantGroup section */
		31215DD417C8EAC800B0F878 /* InfoPlist.strings */ = {
			isa = PBXVariantGroup;
			children = (
				31215DD517C8EAC800B0F878 /* en */,
			);
			name = InfoPlist.strings;
			sourceTree = "<group>";
		};
		3146686D17CAC54C007D721F /* Localizable.strings */ = {
			isa = PBXVariantGroup;
			children = (
				3146686C17CAC54C007D721F /* en */,
			);
			name = Localizable.strings;
			path = Resources;
			sourceTree = "<group>";
		};
/* End PBXVariantGroup section */

/* Begin XCBuildConfiguration section */
		31215DFE17C8EAC900B0F878 /* Debug */ = {
			isa = XCBuildConfiguration;
			buildSettings = {
				ALWAYS_SEARCH_USER_PATHS = NO;
				CLANG_CXX_LANGUAGE_STANDARD = "gnu++0x";
				CLANG_CXX_LIBRARY = "libc++";
				CLANG_WARN_CONSTANT_CONVERSION = YES;
				CLANG_WARN_EMPTY_BODY = YES;
				CLANG_WARN_ENUM_CONVERSION = YES;
				CLANG_WARN_INT_CONVERSION = YES;
				CLANG_WARN__DUPLICATE_METHOD_MATCH = YES;
				"CODE_SIGN_IDENTITY[sdk=iphoneos*]" = "iPhone Developer";
				COPY_PHASE_STRIP = NO;
				GCC_C_LANGUAGE_STANDARD = gnu99;
				GCC_DYNAMIC_NO_PIC = NO;
				GCC_OPTIMIZATION_LEVEL = 0;
				GCC_PREPROCESSOR_DEFINITIONS = (
					"DEBUG=1",
					"$(inherited)",
				);
				GCC_SYMBOLS_PRIVATE_EXTERN = NO;
				GCC_WARN_ABOUT_RETURN_TYPE = YES;
				GCC_WARN_UNINITIALIZED_AUTOS = YES;
				GCC_WARN_UNUSED_VARIABLE = YES;
				IPHONEOS_DEPLOYMENT_TARGET = 6.1;
				ONLY_ACTIVE_ARCH = YES;
				SDKROOT = iphoneos;
			};
			name = Debug;
		};
		31215DFF17C8EAC900B0F878 /* Release */ = {
			isa = XCBuildConfiguration;
			buildSettings = {
				ALWAYS_SEARCH_USER_PATHS = NO;
				CLANG_CXX_LANGUAGE_STANDARD = "gnu++0x";
				CLANG_CXX_LIBRARY = "libc++";
				CLANG_WARN_CONSTANT_CONVERSION = YES;
				CLANG_WARN_EMPTY_BODY = YES;
				CLANG_WARN_ENUM_CONVERSION = YES;
				CLANG_WARN_INT_CONVERSION = YES;
				CLANG_WARN__DUPLICATE_METHOD_MATCH = YES;
				"CODE_SIGN_IDENTITY[sdk=iphoneos*]" = "iPhone Developer";
				COPY_PHASE_STRIP = YES;
				GCC_C_LANGUAGE_STANDARD = gnu99;
				GCC_WARN_ABOUT_RETURN_TYPE = YES;
				GCC_WARN_UNINITIALIZED_AUTOS = YES;
				GCC_WARN_UNUSED_VARIABLE = YES;
				IPHONEOS_DEPLOYMENT_TARGET = 6.1;
				OTHER_CFLAGS = "-DNS_BLOCK_ASSERTIONS=1";
				SDKROOT = iphoneos;
				VALIDATE_PRODUCT = YES;
			};
			name = Release;
		};
		31215E0117C8EAC900B0F878 /* Debug */ = {
			isa = XCBuildConfiguration;
			buildSettings = {
				CLANG_ENABLE_OBJC_ARC = YES;
				GCC_PRECOMPILE_PREFIX_HEADER = YES;
				GCC_PREFIX_HEADER = "RedditReader/RedditReader-Prefix.pch";
				GCC_PREPROCESSOR_DEFINITIONS = (
					"DEBUG=1",
					"$(inherited)",
					"DEBUG_MODE=1",
				);
				INFOPLIST_FILE = "RedditReader/RedditReader-Info.plist";
				PRODUCT_NAME = "$(TARGET_NAME)";
				WRAPPER_EXTENSION = app;
			};
			name = Debug;
		};
		31215E0217C8EAC900B0F878 /* Release */ = {
			isa = XCBuildConfiguration;
			buildSettings = {
				CLANG_ENABLE_OBJC_ARC = YES;
				GCC_PRECOMPILE_PREFIX_HEADER = YES;
				GCC_PREFIX_HEADER = "RedditReader/RedditReader-Prefix.pch";
				INFOPLIST_FILE = "RedditReader/RedditReader-Info.plist";
				PRODUCT_NAME = "$(TARGET_NAME)";
				WRAPPER_EXTENSION = app;
			};
			name = Release;
		};
/* End XCBuildConfiguration section */

/* Begin XCConfigurationList section */
		31215DC317C8EAC800B0F878 /* Build configuration list for PBXProject "RedditReader" */ = {
			isa = XCConfigurationList;
			buildConfigurations = (
				31215DFE17C8EAC900B0F878 /* Debug */,
				31215DFF17C8EAC900B0F878 /* Release */,
			);
			defaultConfigurationIsVisible = 0;
			defaultConfigurationName = Release;
		};
		31215E0017C8EAC900B0F878 /* Build configuration list for PBXNativeTarget "RedditReader" */ = {
			isa = XCConfigurationList;
			buildConfigurations = (
				31215E0117C8EAC900B0F878 /* Debug */,
				31215E0217C8EAC900B0F878 /* Release */,
			);
			defaultConfigurationIsVisible = 0;
			defaultConfigurationName = Release;
		};
/* End XCConfigurationList section */
	};
	rootObject = 31215DC017C8EAC800B0F878 /* Project object */;
}
